
Microsoft Visual Studio Solution File, Format Version 12.00
# Visual Studio Version 17
VisualStudioVersion = 17.14.36301.6
MinimumVisualStudioVersion = 10.0.40219.1
Project("{FAE04EC0-301F-11D3-BF4B-00C04F79EFBC}") = "WorkflowDemos.DurableFunctions", "WorkflowDemos.DurableFunctions\WorkflowDemos.DurableFunctions.csproj", "{776593B8-75BC-445D-92AB-B54A5FE8378D}"
EndProject
Project("{FAE04EC0-301F-11D3-BF4B-00C04F79EFBC}") = "WorkflowDemos.Shared.Email", "WorkflowDemos.Shared.Email\WorkflowDemos.Shared.Email.csproj", "{08EEDCE2-8749-46B8-A607-D218E6896599}"
EndProject
Project("{FAE04EC0-301F-11D3-BF4B-00C04F79EFBC}") = "WorkflowDemos.Shared.Moderation", "WorkflowDemos.Shared.Moderation\WorkflowDemos.Shared.Moderation.csproj", "{A66617D5-B0F9-4D37-961A-BD086AB78CA0}"
EndProject
Project("{FAE04EC0-301F-11D3-BF4B-00C04F79EFBC}") = "WorkflowDemos.Shared.DataStorage", "WorkflowDemos.Shared.DataStorage\WorkflowDemos.Shared.DataStorage.csproj", "{04323DD9-0E83-464C-8BA6-69F6F42A6A77}"
EndProject
Project("{FAE04EC0-301F-11D3-BF4B-00C04F79EFBC}") = "WorkflowDemos.Temporal", "WorkflowDemos.Temporal\WorkflowDemos.Temporal.csproj", "{13052BB9-4C60-4A9E-BC79-EC202E9371C2}"
EndProject
Project("{FAE04EC0-301F-11D3-BF4B-00C04F79EFBC}") = "WorkflowDemos.Web.ModerationPortal", "WorkflowDemos.Web.ModerationPortal\WorkflowDemos.Web.ModerationPortal.csproj", "{4F80A72D-FA0C-4769-AC1E-535C3EBF1457}"
EndProject
Project("{FAE04EC0-301F-11D3-BF4B-00C04F79EFBC}") = "WorkflowDemos.Elsa.Server", "WorkflowDemos.Elsa.Server\WorkflowDemos.Elsa.Server.csproj", "{E390B7BA-CE58-4584-A2A2-3FDBFE03FFDA}"
EndProject
Project("{FAE04EC0-301F-11D3-BF4B-00C04F79EFBC}") = "WorkflowDemos.Elsa.Studio", "WorkflowDemos.Elsa.Studio\WorkflowDemos.Elsa.Studio.csproj", "{570BD7FA-0D0B-4621-B975-5777F716040F}"
EndProject
Project("{FAE04EC0-301F-11D3-BF4B-00C04F79EFBC}") = "WorkflowDemos.MassTransit", "WorkflowDemos.MassTransit\WorkflowDemos.MassTransit.csproj", "{47F46C53-ECFC-42ED-8FFE-BA4F913863BF}"
EndProject
Global
	GlobalSection(SolutionConfigurationPlatforms) = preSolution
		Debug|Any CPU = Debug|Any CPU
		Debug|x64 = Debug|x64
		Debug|x86 = Debug|x86
		Release|Any CPU = Release|Any CPU
		Release|x64 = Release|x64
		Release|x86 = Release|x86
	EndGlobalSection
	GlobalSection(ProjectConfigurationPlatforms) = postSolution
		{776593B8-75BC-445D-92AB-B54A5FE8378D}.Debug|Any CPU.ActiveCfg = Debug|Any CPU
		{776593B8-75BC-445D-92AB-B54A5FE8378D}.Debug|Any CPU.Build.0 = Debug|Any CPU
		{776593B8-75BC-445D-92AB-B54A5FE8378D}.Debug|x64.ActiveCfg = Debug|Any CPU
		{776593B8-75BC-445D-92AB-B54A5FE8378D}.Debug|x64.Build.0 = Debug|Any CPU
		{776593B8-75BC-445D-92AB-B54A5FE8378D}.Debug|x86.ActiveCfg = Debug|Any CPU
		{776593B8-75BC-445D-92AB-B54A5FE8378D}.Debug|x86.Build.0 = Debug|Any CPU
		{776593B8-75BC-445D-92AB-B54A5FE8378D}.Release|Any CPU.ActiveCfg = Release|Any CPU
		{776593B8-75BC-445D-92AB-B54A5FE8378D}.Release|Any CPU.Build.0 = Release|Any CPU
		{776593B8-75BC-445D-92AB-B54A5FE8378D}.Release|x64.ActiveCfg = Release|Any CPU
		{776593B8-75BC-445D-92AB-B54A5FE8378D}.Release|x64.Build.0 = Release|Any CPU
		{776593B8-75BC-445D-92AB-B54A5FE8378D}.Release|x86.ActiveCfg = Release|Any CPU
		{776593B8-75BC-445D-92AB-B54A5FE8378D}.Release|x86.Build.0 = Release|Any CPU
		{08EEDCE2-8749-46B8-A607-D218E6896599}.Debug|Any CPU.ActiveCfg = Debug|Any CPU
		{08EEDCE2-8749-46B8-A607-D218E6896599}.Debug|Any CPU.Build.0 = Debug|Any CPU
		{08EEDCE2-8749-46B8-A607-D218E6896599}.Debug|x64.ActiveCfg = Debug|Any CPU
		{08EEDCE2-8749-46B8-A607-D218E6896599}.Debug|x64.Build.0 = Debug|Any CPU
		{08EEDCE2-8749-46B8-A607-D218E6896599}.Debug|x86.ActiveCfg = Debug|Any CPU
		{08EEDCE2-8749-46B8-A607-D218E6896599}.Debug|x86.Build.0 = Debug|Any CPU
		{08EEDCE2-8749-46B8-A607-D218E6896599}.Release|Any CPU.ActiveCfg = Release|Any CPU
		{08EEDCE2-8749-46B8-A607-D218E6896599}.Release|Any CPU.Build.0 = Release|Any CPU
		{08EEDCE2-8749-46B8-A607-D218E6896599}.Release|x64.ActiveCfg = Release|Any CPU
		{08EEDCE2-8749-46B8-A607-D218E6896599}.Release|x64.Build.0 = Release|Any CPU
		{08EEDCE2-8749-46B8-A607-D218E6896599}.Release|x86.ActiveCfg = Release|Any CPU
		{08EEDCE2-8749-46B8-A607-D218E6896599}.Release|x86.Build.0 = Release|Any CPU
		{A66617D5-B0F9-4D37-961A-BD086AB78CA0}.Debug|Any CPU.ActiveCfg = Debug|Any CPU
		{A66617D5-B0F9-4D37-961A-BD086AB78CA0}.Debug|Any CPU.Build.0 = Debug|Any CPU
		{A66617D5-B0F9-4D37-961A-BD086AB78CA0}.Debug|x64.ActiveCfg = Debug|Any CPU
		{A66617D5-B0F9-4D37-961A-BD086AB78CA0}.Debug|x64.Build.0 = Debug|Any CPU
		{A66617D5-B0F9-4D37-961A-BD086AB78CA0}.Debug|x86.ActiveCfg = Debug|Any CPU
		{A66617D5-B0F9-4D37-961A-BD086AB78CA0}.Debug|x86.Build.0 = Debug|Any CPU
		{A66617D5-B0F9-4D37-961A-BD086AB78CA0}.Release|Any CPU.ActiveCfg = Release|Any CPU
		{A66617D5-B0F9-4D37-961A-BD086AB78CA0}.Release|Any CPU.Build.0 = Release|Any CPU
		{A66617D5-B0F9-4D37-961A-BD086AB78CA0}.Release|x64.ActiveCfg = Release|Any CPU
		{A66617D5-B0F9-4D37-961A-BD086AB78CA0}.Release|x64.Build.0 = Release|Any CPU
		{A66617D5-B0F9-4D37-961A-BD086AB78CA0}.Release|x86.ActiveCfg = Release|Any CPU
		{A66617D5-B0F9-4D37-961A-BD086AB78CA0}.Release|x86.Build.0 = Release|Any CPU
		{04323DD9-0E83-464C-8BA6-69F6F42A6A77}.Debug|Any CPU.ActiveCfg = Debug|Any CPU
		{04323DD9-0E83-464C-8BA6-69F6F42A6A77}.Debug|Any CPU.Build.0 = Debug|Any CPU
		{04323DD9-0E83-464C-8BA6-69F6F42A6A77}.Debug|x64.ActiveCfg = Debug|Any CPU
		{04323DD9-0E83-464C-8BA6-69F6F42A6A77}.Debug|x64.Build.0 = Debug|Any CPU
		{04323DD9-0E83-464C-8BA6-69F6F42A6A77}.Debug|x86.ActiveCfg = Debug|Any CPU
		{04323DD9-0E83-464C-8BA6-69F6F42A6A77}.Debug|x86.Build.0 = Debug|Any CPU
		{04323DD9-0E83-464C-8BA6-69F6F42A6A77}.Release|Any CPU.ActiveCfg = Release|Any CPU
		{04323DD9-0E83-464C-8BA6-69F6F42A6A77}.Release|Any CPU.Build.0 = Release|Any CPU
		{04323DD9-0E83-464C-8BA6-69F6F42A6A77}.Release|x64.ActiveCfg = Release|Any CPU
		{04323DD9-0E83-464C-8BA6-69F6F42A6A77}.Release|x64.Build.0 = Release|Any CPU
		{04323DD9-0E83-464C-8BA6-69F6F42A6A77}.Release|x86.ActiveCfg = Release|Any CPU
		{04323DD9-0E83-464C-8BA6-69F6F42A6A77}.Release|x86.Build.0 = Release|Any CPU
		{13052BB9-4C60-4A9E-BC79-EC202E9371C2}.Debug|Any CPU.ActiveCfg = Debug|Any CPU
		{13052BB9-4C60-4A9E-BC79-EC202E9371C2}.Debug|Any CPU.Build.0 = Debug|Any CPU
		{13052BB9-4C60-4A9E-BC79-EC202E9371C2}.Debug|x64.ActiveCfg = Debug|Any CPU
		{13052BB9-4C60-4A9E-BC79-EC202E9371C2}.Debug|x64.Build.0 = Debug|Any CPU
		{13052BB9-4C60-4A9E-BC79-EC202E9371C2}.Debug|x86.ActiveCfg = Debug|Any CPU
		{13052BB9-4C60-4A9E-BC79-EC202E9371C2}.Debug|x86.Build.0 = Debug|Any CPU
		{13052BB9-4C60-4A9E-BC79-EC202E9371C2}.Release|Any CPU.ActiveCfg = Release|Any CPU
		{13052BB9-4C60-4A9E-BC79-EC202E9371C2}.Release|Any CPU.Build.0 = Release|Any CPU
		{13052BB9-4C60-4A9E-BC79-EC202E9371C2}.Release|x64.ActiveCfg = Release|Any CPU
		{13052BB9-4C60-4A9E-BC79-EC202E9371C2}.Release|x64.Build.0 = Release|Any CPU
		{13052BB9-4C60-4A9E-BC79-EC202E9371C2}.Release|x86.ActiveCfg = Release|Any CPU
		{13052BB9-4C60-4A9E-BC79-EC202E9371C2}.Release|x86.Build.0 = Release|Any CPU
		{4F80A72D-FA0C-4769-AC1E-535C3EBF1457}.Debug|Any CPU.ActiveCfg = Debug|Any CPU
		{4F80A72D-FA0C-4769-AC1E-535C3EBF1457}.Debug|Any CPU.Build.0 = Debug|Any CPU
		{4F80A72D-FA0C-4769-AC1E-535C3EBF1457}.Debug|x64.ActiveCfg = Debug|Any CPU
		{4F80A72D-FA0C-4769-AC1E-535C3EBF1457}.Debug|x64.Build.0 = Debug|Any CPU
		{4F80A72D-FA0C-4769-AC1E-535C3EBF1457}.Debug|x86.ActiveCfg = Debug|Any CPU
		{4F80A72D-FA0C-4769-AC1E-535C3EBF1457}.Debug|x86.Build.0 = Debug|Any CPU
		{4F80A72D-FA0C-4769-AC1E-535C3EBF1457}.Release|Any CPU.ActiveCfg = Release|Any CPU
		{4F80A72D-FA0C-4769-AC1E-535C3EBF1457}.Release|Any CPU.Build.0 = Release|Any CPU
		{4F80A72D-FA0C-4769-AC1E-535C3EBF1457}.Release|x64.ActiveCfg = Release|Any CPU
		{4F80A72D-FA0C-4769-AC1E-535C3EBF1457}.Release|x64.Build.0 = Release|Any CPU
		{4F80A72D-FA0C-4769-AC1E-535C3EBF1457}.Release|x86.ActiveCfg = Release|Any CPU
		{4F80A72D-FA0C-4769-AC1E-535C3EBF1457}.Release|x86.Build.0 = Release|Any CPU
		{E390B7BA-CE58-4584-A2A2-3FDBFE03FFDA}.Debug|Any CPU.ActiveCfg = Debug|Any CPU
		{E390B7BA-CE58-4584-A2A2-3FDBFE03FFDA}.Debug|Any CPU.Build.0 = Debug|Any CPU
		{E390B7BA-CE58-4584-A2A2-3FDBFE03FFDA}.Debug|x64.ActiveCfg = Debug|Any CPU
		{E390B7BA-CE58-4584-A2A2-3FDBFE03FFDA}.Debug|x64.Build.0 = Debug|Any CPU
		{E390B7BA-CE58-4584-A2A2-3FDBFE03FFDA}.Debug|x86.ActiveCfg = Debug|Any CPU
		{E390B7BA-CE58-4584-A2A2-3FDBFE03FFDA}.Debug|x86.Build.0 = Debug|Any CPU
		{E390B7BA-CE58-4584-A2A2-3FDBFE03FFDA}.Release|Any CPU.ActiveCfg = Release|Any CPU
		{E390B7BA-CE58-4584-A2A2-3FDBFE03FFDA}.Release|Any CPU.Build.0 = Release|Any CPU
		{E390B7BA-CE58-4584-A2A2-3FDBFE03FFDA}.Release|x64.ActiveCfg = Release|Any CPU
		{E390B7BA-CE58-4584-A2A2-3FDBFE03FFDA}.Release|x64.Build.0 = Release|Any CPU
		{E390B7BA-CE58-4584-A2A2-3FDBFE03FFDA}.Release|x86.ActiveCfg = Release|Any CPU
		{E390B7BA-CE58-4584-A2A2-3FDBFE03FFDA}.Release|x86.Build.0 = Release|Any CPU
		{570BD7FA-0D0B-4621-B975-5777F716040F}.Debug|Any CPU.ActiveCfg = Debug|Any CPU
		{570BD7FA-0D0B-4621-B975-5777F716040F}.Debug|Any CPU.Build.0 = Debug|Any CPU
		{570BD7FA-0D0B-4621-B975-5777F716040F}.Debug|x64.ActiveCfg = Debug|Any CPU
		{570BD7FA-0D0B-4621-B975-5777F716040F}.Debug|x64.Build.0 = Debug|Any CPU
		{570BD7FA-0D0B-4621-B975-5777F716040F}.Debug|x86.ActiveCfg = Debug|Any CPU
		{570BD7FA-0D0B-4621-B975-5777F716040F}.Debug|x86.Build.0 = Debug|Any CPU
		{570BD7FA-0D0B-4621-B975-5777F716040F}.Release|Any CPU.ActiveCfg = Release|Any CPU
		{570BD7FA-0D0B-4621-B975-5777F716040F}.Release|Any CPU.Build.0 = Release|Any CPU
		{570BD7FA-0D0B-4621-B975-5777F716040F}.Release|x64.ActiveCfg = Release|Any CPU
		{570BD7FA-0D0B-4621-B975-5777F716040F}.Release|x64.Build.0 = Release|Any CPU
		{570BD7FA-0D0B-4621-B975-5777F716040F}.Release|x86.ActiveCfg = Release|Any CPU
		{570BD7FA-0D0B-4621-B975-5777F716040F}.Release|x86.Build.0 = Release|Any CPU
		{47F46C53-ECFC-42ED-8FFE-BA4F913863BF}.Debug|Any CPU.ActiveCfg = Debug|Any CPU
		{47F46C53-ECFC-42ED-8FFE-BA4F913863BF}.Debug|Any CPU.Build.0 = Debug|Any CPU
		{47F46C53-ECFC-42ED-8FFE-BA4F913863BF}.Debug|x64.ActiveCfg = Debug|Any CPU
		{47F46C53-ECFC-42ED-8FFE-BA4F913863BF}.Debug|x64.Build.0 = Debug|Any CPU
		{47F46C53-ECFC-42ED-8FFE-BA4F913863BF}.Debug|x86.ActiveCfg = Debug|Any CPU
		{47F46C53-ECFC-42ED-8FFE-BA4F913863BF}.Debug|x86.Build.0 = Debug|Any CPU
		{47F46C53-ECFC-42ED-8FFE-BA4F913863BF}.Release|Any CPU.ActiveCfg = Release|Any CPU
		{47F46C53-ECFC-42ED-8FFE-BA4F913863BF}.Release|Any CPU.Build.0 = Release|Any CPU
		{47F46C53-ECFC-42ED-8FFE-BA4F913863BF}.Release|x64.ActiveCfg = Release|Any CPU
		{47F46C53-ECFC-42ED-8FFE-BA4F913863BF}.Release|x64.Build.0 = Release|Any CPU
		{47F46C53-ECFC-42ED-8FFE-BA4F913863BF}.Release|x86.ActiveCfg = Release|Any CPU
		{47F46C53-ECFC-42ED-8FFE-BA4F913863BF}.Release|x86.Build.0 = Release|Any CPU
	EndGlobalSection
	GlobalSection(SolutionProperties) = preSolution
		HideSolutionNode = FALSE
	EndGlobalSection
	GlobalSection(ExtensibilityGlobals) = postSolution
		SolutionGuid = {BFA6AE9C-E349-4013-BD89-50731051BF4D}
	EndGlobalSection
EndGlobal
